
Microsoft Visual Studio Solution File, Format Version 12.00
# Visual Studio Version 16
VisualStudioVersion = 16.0.29613.14
MinimumVisualStudioVersion = 10.0.40219.1
Project("{9A19103F-16F7-4668-BE54-9A1E7A4F7556}") = "ApiServer", "ApiServer\ApiServer.csproj", "{0E7B1B70-4D62-4DE2-AF9E-B9C6EE6B80C9}"
EndProject
Project("{FAE04EC0-301F-11D3-BF4B-00C04F79EFBC}") = "GrainInterfaces", "GrainInterfaces\GrainInterfaces.csproj", "{657ECA5B-3AFE-42A2-949B-55EE979E3C65}"
EndProject
Project("{FAE04EC0-301F-11D3-BF4B-00C04F79EFBC}") = "Grains", "Grains\Grains.csproj", "{84DCEF5D-E250-4A92-986B-691BFB785ED5}"
EndProject
Global
	GlobalSection(SolutionConfigurationPlatforms) = preSolution
		Debug|Any CPU = Debug|Any CPU
		Release|Any CPU = Release|Any CPU
	EndGlobalSection
	GlobalSection(ProjectConfigurationPlatforms) = postSolution
		{0E7B1B70-4D62-4DE2-AF9E-B9C6EE6B80C9}.Debug|Any CPU.ActiveCfg = Debug|Any CPU
		{0E7B1B70-4D62-4DE2-AF9E-B9C6EE6B80C9}.Debug|Any CPU.Build.0 = Debug|Any CPU
		{0E7B1B70-4D62-4DE2-AF9E-B9C6EE6B80C9}.Release|Any CPU.ActiveCfg = Release|Any CPU
		{0E7B1B70-4D62-4DE2-AF9E-B9C6EE6B80C9}.Release|Any CPU.Build.0 = Release|Any CPU
		{657ECA5B-3AFE-42A2-949B-55EE979E3C65}.Debug|Any CPU.ActiveCfg = Debug|Any CPU
		{657ECA5B-3AFE-42A2-949B-55EE979E3C65}.Debug|Any CPU.Build.0 = Debug|Any CPU
		{657ECA5B-3AFE-42A2-949B-55EE979E3C65}.Release|Any CPU.ActiveCfg = Release|Any CPU
		{657ECA5B-3AFE-42A2-949B-55EE979E3C65}.Release|Any CPU.Build.0 = Release|Any CPU
		{84DCEF5D-E250-4A92-986B-691BFB785ED5}.Debug|Any CPU.ActiveCfg = Debug|Any CPU
		{84DCEF5D-E250-4A92-986B-691BFB785ED5}.Debug|Any CPU.Build.0 = Debug|Any CPU
		{84DCEF5D-E250-4A92-986B-691BFB785ED5}.Release|Any CPU.ActiveCfg = Release|Any CPU
		{84DCEF5D-E250-4A92-986B-691BFB785ED5}.Release|Any CPU.Build.0 = Release|Any CPU
	EndGlobalSection
	GlobalSection(SolutionProperties) = preSolution
		HideSolutionNode = FALSE
	EndGlobalSection
	GlobalSection(ExtensibilityGlobals) = postSolution
		SolutionGuid = {AB55BA85-5DA4-4719-86ED-B4EB8149519B}
	EndGlobalSection
EndGlobal
